// !$*UTF8*$!
{
	archiveVersion = 1;
	classes = {
	};
	objectVersion = 39;
	objects = {
		014CEA520018CE5811CA2923 = {
			buildSettings = {
				COPY_PHASE_STRIP = NO;
				GCC_DYNAMIC_NO_PIC = NO;
				GCC_ENABLE_FIX_AND_CONTINUE = YES;
				GCC_GENERATE_DEBUGGING_SYMBOLS = YES;
				GCC_OPTIMIZATION_LEVEL = 0;
				USE_HEADERMAP = FALSE;
				ZERO_LINK = NO;
			};
			isa = PBXBuildStyle;
			name = Development;
		};
		014CEA530018CE5811CA2923 = {
			buildSettings = {
				COPY_PHASE_STRIP = YES;
				GCC_ENABLE_FIX_AND_CONTINUE = NO;
				ZERO_LINK = NO;
			};
			isa = PBXBuildStyle;
			name = Deployment;
		};
//010
//011
//012
//013
//014
//080
//081
//082
//083
//084
		08FB7793FE84155DC02AAC07 = {
			buildSettings = {
			};
			buildStyles = (
				014CEA520018CE5811CA2923,
				014CEA530018CE5811CA2923,
			);
			hasScannedForEncodings = 1;
			isa = PBXProject;
			mainGroup = 08FB7794FE84155DC02AAC07;
			projectDirPath = "";
			targets = (
				D2AAC0620554660B00DB518D,
			);
		};
		08FB7794FE84155DC02AAC07 = {
			children = (
				7799ABA607A7D80300C19C02,
				7799ABA907A7D81600C19C02,
				7799ABAA07A7D81C00C19C02,
				7799ABA707A7D80900C19C02,
				7799ABA807A7D80D00C19C02,
				7799AB1107A7D73D00C19C02,
				08FB7795FE84155DC02AAC07,
				1AB674ADFE9D54B511CA2CBB,
			);
			isa = PBXGroup;
			name = libpeak;
			refType = 4;
			sourceTree = "<group>";
		};
		08FB7795FE84155DC02AAC07 = {
			children = (
			);
			isa = PBXGroup;
			name = Source;
			refType = 4;
			sourceTree = "<group>";
		};
//080
//081
//082
//083
//084
//1A0
//1A1
//1A2
//1A3
//1A4
		1AB674ADFE9D54B511CA2CBB = {
			children = (
				D2AAC0630554660B00DB518D,
			);
			isa = PBXGroup;
			name = Products;
			refType = 4;
			sourceTree = "<group>";
		};
//1A0
//1A1
//1A2
//1A3
//1A4
//770
//771
//772
//773
//774
		7799AB1107A7D73D00C19C02 = {
			children = (
				7799AB3C07A7D73E00C19C02,
				7799AB1407A7D73D00C19C02,
				7799ABA207A7D77800C19C02,
				7799AB1307A7D73D00C19C02,
				7799AB1207A7D73D00C19C02,
				7799AB2807A7D73D00C19C02,
				7799AB2A07A7D73D00C19C02,
				7799AB2907A7D73D00C19C02,
				7799AB2B07A7D73D00C19C02,
				7799AB2C07A7D73D00C19C02,
				7799AB2D07A7D73D00C19C02,
				7799AB2E07A7D73D00C19C02,
				7799AB3007A7D73D00C19C02,
				7799AB2F07A7D73D00C19C02,
				7799AB3207A7D73D00C19C02,
				7799AB3107A7D73D00C19C02,
				7799AB3407A7D73D00C19C02,
				7799AB3307A7D73D00C19C02,
				7799AB3607A7D73D00C19C02,
				7799AB3507A7D73D00C19C02,
				7799AB3707A7D73D00C19C02,
				7799AB3B07A7D73E00C19C02,
				7799AB3A07A7D73E00C19C02,
				7799AB3E07A7D73E00C19C02,
				7799AB3D07A7D73E00C19C02,
				7799AB4007A7D73E00C19C02,
				7799AB3F07A7D73E00C19C02,
				7799AB4207A7D73E00C19C02,
				7799AB4107A7D73E00C19C02,
				7799AB4407A7D73E00C19C02,
				7799AB4307A7D73E00C19C02,
				7799AB4607A7D73E00C19C02,
				7799AB4507A7D73E00C19C02,
				7799AB4807A7D73E00C19C02,
				7799AB4707A7D73E00C19C02,
				7799AB4907A7D73E00C19C02,
				7799AB4A07A7D73E00C19C02,
				7799AB4B07A7D73E00C19C02,
				7799AB4C07A7D73E00C19C02,
				7799AB4E07A7D73E00C19C02,
				7799AB4D07A7D73E00C19C02,
				7799AB5007A7D73E00C19C02,
				7799AB4F07A7D73E00C19C02,
				7799AB5207A7D73E00C19C02,
				7799AB5107A7D73E00C19C02,
				7799AB5407A7D73E00C19C02,
				7799AB5307A7D73E00C19C02,
				7799AB5607A7D73E00C19C02,
				7799AB5507A7D73E00C19C02,
				7799AB5807A7D73E00C19C02,
				7799AB5707A7D73E00C19C02,
				7799AB5A07A7D73E00C19C02,
				7799AB5907A7D73E00C19C02,
				7799AB5C07A7D73E00C19C02,
				7799AB5B07A7D73E00C19C02,
			);
			isa = PBXGroup;
			path = peak;
			refType = 4;
			sourceTree = "<group>";
		};
		7799AB1207A7D73D00C19C02 = {
			fileEncoding = 30;
			isa = PBXFileReference;
			lastKnownFileType = sourcecode.c.c;
			path = alloc.c;
			refType = 4;
			sourceTree = "<group>";
		};
		7799AB1307A7D73D00C19C02 = {
			fileEncoding = 30;
			isa = PBXFileReference;
			lastKnownFileType = sourcecode.c.h;
			path = alloc.h;
			refType = 4;
			sourceTree = "<group>";
		};
		7799AB1407A7D73D00C19C02 = {
			children = (
				7799AB1507A7D73D00C19C02,
				7799AB1807A7D73D00C19C02,
				7799AB1B07A7D73D00C19C02,
				7799AB1E07A7D73D00C19C02,
				7799AB2207A7D73D00C19C02,
			);
			isa = PBXGroup;
			path = arch;
			refType = 4;
			sourceTree = "<group>";
		};
		7799AB1507A7D73D00C19C02 = {
			children = (
				7799AB1607A7D73D00C19C02,
				7799AB1707A7D73D00C19C02,
			);
			isa = PBXGroup;
			path = m68k;
			refType = 4;
			sourceTree = "<group>";
		};
		7799AB1607A7D73D00C19C02 = {
			fileEncoding = 30;
			isa = PBXFileReference;
			lastKnownFileType = sourcecode.c.h;
			path = atomic.h;
			refType = 4;
			sourceTree = "<group>";
		};
		7799AB1707A7D73D00C19C02 = {
			fileEncoding = 30;
			isa = PBXFileReference;
			lastKnownFileType = sourcecode.c.h;
			path = spinlock.h;
			refType = 4;
			sourceTree = "<group>";
		};
		7799AB1807A7D73D00C19C02 = {
			children = (
				7799AB1907A7D73D00C19C02,
				7799AB1A07A7D73D00C19C02,
			);
			isa = PBXGroup;
			path = powerpc;
			refType = 4;
			sourceTree = "<group>";
		};
		7799AB1907A7D73D00C19C02 = {
			fileEncoding = 30;
			isa = PBXFileReference;
			lastKnownFileType = sourcecode.c.h;
			path = atomic.h;
			refType = 4;
			sourceTree = "<group>";
		};
		7799AB1A07A7D73D00C19C02 = {
			fileEncoding = 30;
			isa = PBXFileReference;
			lastKnownFileType = sourcecode.c.h;
			path = spinlock.h;
			refType = 4;
			sourceTree = "<group>";
		};
		7799AB1B07A7D73D00C19C02 = {
			children = (
				7799AB1C07A7D73D00C19C02,
				7799AB1D07A7D73D00C19C02,
			);
			isa = PBXGroup;
			path = sparc;
			refType = 4;
			sourceTree = "<group>";
		};
		7799AB1C07A7D73D00C19C02 = {
			fileEncoding = 30;
			isa = PBXFileReference;
			lastKnownFileType = sourcecode.c.h;
			path = atomic.h;
			refType = 4;
			sourceTree = "<group>";
		};
		7799AB1D07A7D73D00C19C02 = {
			fileEncoding = 30;
			isa = PBXFileReference;
			lastKnownFileType = sourcecode.c.h;
			path = spinlock.h;
			refType = 4;
			sourceTree = "<group>";
		};
		7799AB1E07A7D73D00C19C02 = {
			children = (
				7799AB1F07A7D73D00C19C02,
				7799AB2007A7D73D00C19C02,
				7799AB2107A7D73D00C19C02,
			);
			isa = PBXGroup;
			path = test;
			refType = 4;
			sourceTree = "<group>";
		};
		7799AB1F07A7D73D00C19C02 = {
			fileEncoding = 30;
			isa = PBXFileReference;
			lastKnownFileType = sourcecode.c.c;
			path = atomictest.c;
			refType = 4;
			sourceTree = "<group>";
		};
		7799AB2007A7D73D00C19C02 = {
			fileEncoding = 30;
			isa = PBXFileReference;
			lastKnownFileType = sourcecode.make;
			path = Makefile;
			refType = 4;
			sourceTree = "<group>";
		};
		7799AB2107A7D73D00C19C02 = {
			fileEncoding = 30;
			isa = PBXFileReference;
			lastKnownFileType = sourcecode.c.c;
			path = spinlocktest.c;
			refType = 4;
			sourceTree = "<group>";
		};
		7799AB2207A7D73D00C19C02 = {
			children = (
				7799AB2307A7D73D00C19C02,
				7799AB2407A7D73D00C19C02,
			);
			isa = PBXGroup;
			path = x86;
			refType = 4;
			sourceTree = "<group>";
		};
		7799AB2307A7D73D00C19C02 = {
			fileEncoding = 30;
			isa = PBXFileReference;
			lastKnownFileType = sourcecode.c.h;
			path = atomic.h;
			refType = 4;
			sourceTree = "<group>";
		};
		7799AB2407A7D73D00C19C02 = {
			fileEncoding = 30;
			isa = PBXFileReference;
			lastKnownFileType = sourcecode.c.h;
			path = spinlock.h;
			refType = 4;
			sourceTree = "<group>";
		};
		7799AB2507A7D73D00C19C02 = {
			fileEncoding = 30;
			isa = PBXFileReference;
			lastKnownFileType = sourcecode.c.h;
			path = db.h;
			refType = 4;
			sourceTree = "<group>";
		};
		7799AB2607A7D73D00C19C02 = {
			fileEncoding = 30;
			isa = PBXFileReference;
			lastKnownFileType = sourcecode.c.c;
			path = dict.c;
			refType = 4;
			sourceTree = "<group>";
		};
		7799AB2707A7D73D00C19C02 = {
			fileEncoding = 30;
			isa = PBXFileReference;
			lastKnownFileType = sourcecode.c.h;
			path = dict.h;
			refType = 4;
			sourceTree = "<group>";
		};
		7799AB2807A7D73D00C19C02 = {
			fileEncoding = 30;
			isa = PBXFileReference;
			lastKnownFileType = sourcecode.c.h;
			path = engine.h;
			refType = 4;
			sourceTree = "<group>";
		};
		7799AB2907A7D73D00C19C02 = {
			fileEncoding = 30;
			isa = PBXFileReference;
			lastKnownFileType = sourcecode.c.c;
			path = engine_client.c;
			refType = 4;
			sourceTree = "<group>";
		};
		7799AB2A07A7D73D00C19C02 = {
			fileEncoding = 30;
			isa = PBXFileReference;
			lastKnownFileType = sourcecode.c.h;
			path = engine_client.h;
			refType = 4;
			sourceTree = "<group>";
		};
		7799AB2B07A7D73D00C19C02 = {
			fileEncoding = 30;
			isa = PBXFileReference;
			lastKnownFileType = sourcecode.c.c;
			path = engine_mod_epoll.c;
			refType = 4;
			sourceTree = "<group>";
		};
		7799AB2C07A7D73D00C19C02 = {
			fileEncoding = 30;
			isa = PBXFileReference;
			lastKnownFileType = sourcecode.c.c;
			path = engine_mod_kqueue.c;
			refType = 4;
			sourceTree = "<group>";
		};
		7799AB2D07A7D73D00C19C02 = {
			fileEncoding = 30;
			isa = PBXFileReference;
			lastKnownFileType = sourcecode.c.c;
			path = engine_mod_poll.c;
			refType = 4;
			sourceTree = "<group>";
		};
		7799AB2E07A7D73D00C19C02 = {
			fileEncoding = 30;
			isa = PBXFileReference;
			lastKnownFileType = sourcecode.c.c;
			path = engine_mod_select.c;
			refType = 4;
			sourceTree = "<group>";
		};
		7799AB2F07A7D73D00C19C02 = {
			fileEncoding = 30;
			isa = PBXFileReference;
			lastKnownFileType = sourcecode.c.c;
			path = errors.c;
			refType = 4;
			sourceTree = "<group>";
		};
		7799AB3007A7D73D00C19C02 = {
			fileEncoding = 30;
			isa = PBXFileReference;
			lastKnownFileType = sourcecode.c.h;
			path = errors.h;
			refType = 4;
			sourceTree = "<group>";
		};
		7799AB3107A7D73D00C19C02 = {
			fileEncoding = 30;
			isa = PBXFileReference;
			lastKnownFileType = sourcecode.c.c;
			path = fileutils.c;
			refType = 4;
			sourceTree = "<group>";
		};
		7799AB3207A7D73D00C19C02 = {
			fileEncoding = 30;
			isa = PBXFileReference;
			lastKnownFileType = sourcecode.c.h;
			path = fileutils.h;
			refType = 4;
			sourceTree = "<group>";
		};
		7799AB3307A7D73D00C19C02 = {
			fileEncoding = 30;
			isa = PBXFileReference;
			lastKnownFileType = sourcecode.c.c;
			path = garbage.c;
			refType = 4;
			sourceTree = "<group>";
		};
		7799AB3407A7D73D00C19C02 = {
			fileEncoding = 30;
			isa = PBXFileReference;
			lastKnownFileType = sourcecode.c.h;
			path = garbage.h;
			refType = 4;
			sourceTree = "<group>";
		};
		7799AB3507A7D73D00C19C02 = {
			fileEncoding = 30;
			isa = PBXFileReference;
			lastKnownFileType = sourcecode.c.c;
			path = init.c;
			refType = 4;
			sourceTree = "<group>";
		};
		7799AB3607A7D73D00C19C02 = {
			fileEncoding = 30;
			isa = PBXFileReference;
			lastKnownFileType = sourcecode.c.h;
			path = init_private.h;
			refType = 4;
			sourceTree = "<group>";
		};
		7799AB3707A7D73D00C19C02 = {
			fileEncoding = 30;
			isa = PBXFileReference;
			lastKnownFileType = sourcecode.c.h;
			path = internal.h;
			refType = 4;
			sourceTree = "<group>";
		};
		7799AB3A07A7D73E00C19C02 = {
			fileEncoding = 30;
			isa = PBXFileReference;
			lastKnownFileType = sourcecode.c.c;
			path = mem_pool.c;
			refType = 4;
			sourceTree = "<group>";
		};
		7799AB3B07A7D73E00C19C02 = {
			fileEncoding = 30;
			isa = PBXFileReference;
			lastKnownFileType = sourcecode.c.h;
			path = mem_pool.h;
			refType = 4;
			sourceTree = "<group>";
		};
		7799AB3C07A7D73E00C19C02 = {
			fileEncoding = 30;
			isa = PBXFileReference;
			lastKnownFileType = sourcecode.c.h;
			name = peak.h;
			path = peak/peak.h;
			refType = 2;
			sourceTree = SOURCE_ROOT;
		};
		7799AB3D07A7D73E00C19C02 = {
			fileEncoding = 30;
			isa = PBXFileReference;
			lastKnownFileType = sourcecode.c.c;
			path = runtime.c;
			refType = 4;
			sourceTree = "<group>";
		};
		7799AB3E07A7D73E00C19C02 = {
			fileEncoding = 30;
			isa = PBXFileReference;
			lastKnownFileType = sourcecode.c.h;
			path = runtime.h;
			refType = 4;
			sourceTree = "<group>";
		};
		7799AB3F07A7D73E00C19C02 = {
			fileEncoding = 30;
			isa = PBXFileReference;
			lastKnownFileType = sourcecode.c.c;
			path = semaphore.c;
			refType = 4;
			sourceTree = "<group>";
		};
		7799AB4007A7D73E00C19C02 = {
			fileEncoding = 30;
			isa = PBXFileReference;
			lastKnownFileType = sourcecode.c.h;
			path = semaphore.h;
			refType = 4;
			sourceTree = "<group>";
		};
		7799AB4107A7D73E00C19C02 = {
			fileEncoding = 30;
			isa = PBXFileReference;
			lastKnownFileType = sourcecode.c.c;
			path = signal.c;
			refType = 4;
			sourceTree = "<group>";
		};
		7799AB4207A7D73E00C19C02 = {
			fileEncoding = 30;
			isa = PBXFileReference;
			lastKnownFileType = sourcecode.c.h;
			path = signal.h;
			refType = 4;
			sourceTree = "<group>";
		};
		7799AB4307A7D73E00C19C02 = {
			fileEncoding = 30;
			isa = PBXFileReference;
			lastKnownFileType = sourcecode.c.c;
			path = socket.c;
			refType = 4;
			sourceTree = "<group>";
		};
		7799AB4407A7D73E00C19C02 = {
			fileEncoding = 30;
			isa = PBXFileReference;
			lastKnownFileType = sourcecode.c.h;
			path = socket.h;
			refType = 4;
			sourceTree = "<group>";
		};
		7799AB4507A7D73E00C19C02 = {
			fileEncoding = 30;
			isa = PBXFileReference;
			lastKnownFileType = sourcecode.c.c;
			path = stream.c;
			refType = 4;
			sourceTree = "<group>";
		};
		7799AB4607A7D73E00C19C02 = {
			fileEncoding = 30;
			isa = PBXFileReference;
			lastKnownFileType = sourcecode.c.h;
			path = stream.h;
			refType = 4;
			sourceTree = "<group>";
		};
		7799AB4707A7D73E00C19C02 = {
			fileEncoding = 30;
			isa = PBXFileReference;
			lastKnownFileType = sourcecode.c.c;
			path = task.c;
			refType = 4;
			sourceTree = "<group>";
		};
		7799AB4807A7D73E00C19C02 = {
			fileEncoding = 30;
			isa = PBXFileReference;
			lastKnownFileType = sourcecode.c.h;
			path = task.h;
			refType = 4;
			sourceTree = "<group>";
		};
		7799AB4907A7D73E00C19C02 = {
			fileEncoding = 30;
			isa = PBXFileReference;
			lastKnownFileType = sourcecode.c.h;
			path = task_class.h;
			refType = 4;
			sourceTree = "<group>";
		};
		7799AB4A07A7D73E00C19C02 = {
			fileEncoding = 30;
			isa = PBXFileReference;
			lastKnownFileType = sourcecode.c.c;
			path = task_lock.c;
			refType = 4;
			sourceTree = "<group>";
		};
		7799AB4B07A7D73E00C19C02 = {
			fileEncoding = 30;
			isa = PBXFileReference;
			lastKnownFileType = sourcecode.c.c;
			path = task_mutex.c;
			refType = 4;
			sourceTree = "<group>";
		};
		7799AB4C07A7D73E00C19C02 = {
			fileEncoding = 30;
			isa = PBXFileReference;
			lastKnownFileType = sourcecode.c.h;
			path = task_private.h;
			refType = 4;
			sourceTree = "<group>";
		};
		7799AB4D07A7D73E00C19C02 = {
			fileEncoding = 30;
			isa = PBXFileReference;
			lastKnownFileType = sourcecode.c.c;
			path = task_runloop.c;
			refType = 4;
			sourceTree = "<group>";
		};
		7799AB4E07A7D73E00C19C02 = {
			fileEncoding = 30;
			isa = PBXFileReference;
			lastKnownFileType = sourcecode.c.h;
			path = task_runloop.h;
			refType = 4;
			sourceTree = "<group>";
		};
		7799AB4F07A7D73E00C19C02 = {
			fileEncoding = 30;
			isa = PBXFileReference;
			lastKnownFileType = sourcecode.c.c;
			path = task_runloop_stackpool.c;
			refType = 4;
			sourceTree = "<group>";
		};
		7799AB5007A7D73E00C19C02 = {
			fileEncoding = 30;
			isa = PBXFileReference;
			lastKnownFileType = sourcecode.c.h;
			path = task_runloop_stackpool.h;
			refType = 4;
			sourceTree = "<group>";
		};
		7799AB5107A7D73E00C19C02 = {
			fileEncoding = 30;
			isa = PBXFileReference;
			lastKnownFileType = sourcecode.c.c;
			path = time.c;
			refType = 4;
			sourceTree = "<group>";
		};
		7799AB5207A7D73E00C19C02 = {
			fileEncoding = 30;
			isa = PBXFileReference;
			lastKnownFileType = sourcecode.c.h;
			path = time.h;
			refType = 4;
			sourceTree = "<group>";
		};
		7799AB5307A7D73E00C19C02 = {
			fileEncoding = 30;
			isa = PBXFileReference;
			lastKnownFileType = sourcecode.c.c;
			path = timer.c;
			refType = 4;
			sourceTree = "<group>";
		};
		7799AB5407A7D73E00C19C02 = {
			fileEncoding = 30;
			isa = PBXFileReference;
			lastKnownFileType = sourcecode.c.h;
			path = timer.h;
			refType = 4;
			sourceTree = "<group>";
		};
		7799AB5507A7D73E00C19C02 = {
			fileEncoding = 30;
			isa = PBXFileReference;
			lastKnownFileType = sourcecode.c.c;
			path = timer_tree.c;
			refType = 4;
			sourceTree = "<group>";
		};
		7799AB5607A7D73E00C19C02 = {
			fileEncoding = 30;
			isa = PBXFileReference;
			lastKnownFileType = sourcecode.c.h;
			path = timer_tree.h;
			refType = 4;
			sourceTree = "<group>";
		};
		7799AB5707A7D73E00C19C02 = {
			fileEncoding = 30;
			isa = PBXFileReference;
			lastKnownFileType = sourcecode.c.c;
			path = tz.c;
			refType = 4;
			sourceTree = "<group>";
		};
		7799AB5807A7D73E00C19C02 = {
			fileEncoding = 30;
			isa = PBXFileReference;
			lastKnownFileType = sourcecode.c.h;
			path = tz.h;
			refType = 4;
			sourceTree = "<group>";
		};
		7799AB5907A7D73E00C19C02 = {
			fileEncoding = 30;
			isa = PBXFileReference;
			lastKnownFileType = sourcecode.c.c;
			path = utilities.c;
			refType = 4;
			sourceTree = "<group>";
		};
		7799AB5A07A7D73E00C19C02 = {
			fileEncoding = 30;
			isa = PBXFileReference;
			lastKnownFileType = sourcecode.c.h;
			path = utilities.h;
			refType = 4;
			sourceTree = "<group>";
		};
		7799AB5B07A7D73E00C19C02 = {
			fileEncoding = 30;
			isa = PBXFileReference;
			lastKnownFileType = sourcecode.c.c;
			path = version.c;
			refType = 4;
			sourceTree = "<group>";
		};
		7799AB5C07A7D73E00C19C02 = {
			fileEncoding = 30;
			isa = PBXFileReference;
			lastKnownFileType = sourcecode.c.h;
			path = version.h;
			refType = 4;
			sourceTree = "<group>";
		};
		7799AB5D07A7D73E00C19C02 = {
			fileRef = 7799AB1207A7D73D00C19C02;
			isa = PBXBuildFile;
			settings = {
			};
		};
		7799AB6B07A7D73E00C19C02 = {
			fileRef = 7799AB2607A7D73D00C19C02;
			isa = PBXBuildFile;
			settings = {
			};
		};
		7799AB6E07A7D73E00C19C02 = {
			fileRef = 7799AB2907A7D73D00C19C02;
			isa = PBXBuildFile;
			settings = {
			};
		};
		7799AB7107A7D73E00C19C02 = {
			fileRef = 7799AB2C07A7D73D00C19C02;
			isa = PBXBuildFile;
			settings = {
			};
		};
		7799AB7407A7D73E00C19C02 = {
			fileRef = 7799AB2F07A7D73D00C19C02;
			isa = PBXBuildFile;
			settings = {
			};
		};
		7799AB7607A7D73E00C19C02 = {
			fileRef = 7799AB3107A7D73D00C19C02;
			isa = PBXBuildFile;
			settings = {
			};
		};
		7799AB7807A7D73E00C19C02 = {
			fileRef = 7799AB3307A7D73D00C19C02;
			isa = PBXBuildFile;
			settings = {
			};
		};
		7799AB7A07A7D73E00C19C02 = {
			fileRef = 7799AB3507A7D73D00C19C02;
			isa = PBXBuildFile;
			settings = {
			};
		};
		7799AB7D07A7D73E00C19C02 = {
			fileRef = 7799AB3A07A7D73E00C19C02;
			isa = PBXBuildFile;
			settings = {
			};
		};
		7799AB8007A7D73E00C19C02 = {
			fileRef = 7799AB3D07A7D73E00C19C02;
			isa = PBXBuildFile;
			settings = {
			};
		};
		7799AB8207A7D73E00C19C02 = {
			fileRef = 7799AB3F07A7D73E00C19C02;
			isa = PBXBuildFile;
			settings = {
			};
		};
		7799AB8407A7D73E00C19C02 = {
			fileRef = 7799AB4107A7D73E00C19C02;
			isa = PBXBuildFile;
			settings = {
			};
		};
		7799AB8607A7D73E00C19C02 = {
			fileRef = 7799AB4307A7D73E00C19C02;
			isa = PBXBuildFile;
			settings = {
			};
		};
		7799AB8807A7D73E00C19C02 = {
			fileRef = 7799AB4507A7D73E00C19C02;
			isa = PBXBuildFile;
			settings = {
			};
		};
		7799AB8A07A7D73E00C19C02 = {
			fileRef = 7799AB4707A7D73E00C19C02;
			isa = PBXBuildFile;
			settings = {
			};
		};
		7799AB8D07A7D73E00C19C02 = {
			fileRef = 7799AB4A07A7D73E00C19C02;
			isa = PBXBuildFile;
			settings = {
			};
		};
		7799AB8E07A7D73E00C19C02 = {
			fileRef = 7799AB4B07A7D73E00C19C02;
			isa = PBXBuildFile;
			settings = {
			};
		};
		7799AB9007A7D73E00C19C02 = {
			fileRef = 7799AB4D07A7D73E00C19C02;
			isa = PBXBuildFile;
			settings = {
			};
		};
		7799AB9207A7D73E00C19C02 = {
			fileRef = 7799AB4F07A7D73E00C19C02;
			isa = PBXBuildFile;
			settings = {
			};
		};
		7799AB9407A7D73E00C19C02 = {
			fileRef = 7799AB5107A7D73E00C19C02;
			isa = PBXBuildFile;
			settings = {
			};
		};
		7799AB9607A7D73E00C19C02 = {
			fileRef = 7799AB5307A7D73E00C19C02;
			isa = PBXBuildFile;
			settings = {
			};
		};
		7799AB9807A7D73E00C19C02 = {
			fileRef = 7799AB5507A7D73E00C19C02;
			isa = PBXBuildFile;
			settings = {
			};
		};
		7799AB9A07A7D73E00C19C02 = {
			fileRef = 7799AB5707A7D73E00C19C02;
			isa = PBXBuildFile;
			settings = {
			};
		};
		7799AB9C07A7D73E00C19C02 = {
			fileRef = 7799AB5907A7D73E00C19C02;
			isa = PBXBuildFile;
			settings = {
			};
		};
		7799AB9E07A7D73E00C19C02 = {
			fileRef = 7799AB5B07A7D73E00C19C02;
			isa = PBXBuildFile;
			settings = {
			};
		};
		7799ABA207A7D77800C19C02 = {
			children = (
				7799AB2507A7D73D00C19C02,
				7799AB2707A7D73D00C19C02,
				7799AB2607A7D73D00C19C02,
			);
			isa = PBXGroup;
			name = db;
			refType = 4;
			sourceTree = "<group>";
		};
		7799ABA607A7D80300C19C02 = {
			fileEncoding = 30;
			isa = PBXFileReference;
			lastKnownFileType = text;
			path = TODO;
			refType = 4;
			sourceTree = "<group>";
		};
		7799ABA707A7D80900C19C02 = {
			fileEncoding = 30;
			isa = PBXFileReference;
			lastKnownFileType = text;
			path = README;
			refType = 4;
			sourceTree = "<group>";
		};
		7799ABA807A7D80D00C19C02 = {
			fileEncoding = 30;
			isa = PBXFileReference;
			lastKnownFileType = text;
			path = README.platforms;
			refType = 4;
			sourceTree = "<group>";
		};
		7799ABA907A7D81600C19C02 = {
			fileEncoding = 30;
			isa = PBXFileReference;
			lastKnownFileType = text;
			path = CREDITS;
			refType = 4;
			sourceTree = "<group>";
		};
		7799ABAA07A7D81C00C19C02 = {
			fileEncoding = 30;
			isa = PBXFileReference;
			lastKnownFileType = text;
			path = INSTALL;
			refType = 4;
			sourceTree = "<group>";
		};
		7799B2AB07A94E5C00C19C02 = {
			buildActionMask = 2147483647;
			files = (
			);
			inputPaths = (
			);
			isa = PBXShellScriptBuildPhase;
			outputPaths = (
			);
			runOnlyForDeploymentPostprocessing = 0;
			shellPath = /bin/sh;
			shellScript = "ln -fs /usr/include/stdint.h peak/stdint.h";
		};
//770
//771
//772
//773
//774
//D20
//D21
//D22
//D23
//D24
		D289988505E68E00004EDB86 = {
			buildActionMask = 2147483647;
			files = (
			);
			isa = PBXFrameworksBuildPhase;
			runOnlyForDeploymentPostprocessing = 0;
		};
		D2AAC0600554660B00DB518D = {
			buildActionMask = 2147483647;
			files = (
			);
			isa = PBXHeadersBuildPhase;
			runOnlyForDeploymentPostprocessing = 0;
		};
		D2AAC0610554660B00DB518D = {
			buildActionMask = 2147483647;
			files = (
				7799AB5D07A7D73E00C19C02,
				7799AB6B07A7D73E00C19C02,
				7799AB6E07A7D73E00C19C02,
				7799AB7107A7D73E00C19C02,
				7799AB7407A7D73E00C19C02,
				7799AB7607A7D73E00C19C02,
				7799AB7807A7D73E00C19C02,
				7799AB7A07A7D73E00C19C02,
				7799AB7D07A7D73E00C19C02,
				7799AB8007A7D73E00C19C02,
				7799AB8207A7D73E00C19C02,
				7799AB8407A7D73E00C19C02,
				7799AB8607A7D73E00C19C02,
				7799AB8807A7D73E00C19C02,
				7799AB8A07A7D73E00C19C02,
				7799AB8D07A7D73E00C19C02,
				7799AB8E07A7D73E00C19C02,
				7799AB9007A7D73E00C19C02,
				7799AB9207A7D73E00C19C02,
				7799AB9407A7D73E00C19C02,
				7799AB9607A7D73E00C19C02,
				7799AB9807A7D73E00C19C02,
				7799AB9A07A7D73E00C19C02,
				7799AB9C07A7D73E00C19C02,
				7799AB9E07A7D73E00C19C02,
			);
			isa = PBXSourcesBuildPhase;
			runOnlyForDeploymentPostprocessing = 0;
		};
		D2AAC0620554660B00DB518D = {
			buildPhases = (
				7799B2AB07A94E5C00C19C02,
				D2AAC0600554660B00DB518D,
				D2AAC0610554660B00DB518D,
				D289988505E68E00004EDB86,
			);
			buildRules = (
			);
			buildSettings = {
				DYLIB_COMPATIBILITY_VERSION = 1;
				DYLIB_CURRENT_VERSION = 1;
				GCC_ENABLE_CPP_RTTI = NO;
				GCC_GENERATE_DEBUGGING_SYMBOLS = NO;
				GCC_PREPROCESSOR_DEFINITIONS = "HAVE_ALLOCA=1 HAVE_ALLOCA_H=1 HAVE_DLFCN_H=1 HAVE_GETPAGESIZE=1 HAVE_GETRLIMIT=1 HAVE_GETRUSAGE=1 HAVE_GETTIMEOFDAY=1 HAVE_INTTYPES_H=1 HAVE_KQUEUE=1 HAVE_MACH_MACH_H=1 HAVE_MACH_MACH_INIT_H=1 HAVE_MACH_SEMAPHORE_H=1 HAVE_MACH_TASK_H=1 HAVE_MEMORY_H=1 HAVE_MEMSET=1 HAVE_POLL=1 HAVE_POLL_H=1 HAVE_PTHREAD=1 HAVE_PTHREAD_H=1 HAVE_SCHED_H=1 HAVE_SELECT=1 HAVE_SEMAPHORE_CREATE=1 HAVE_SEMAPHORE_SIGNAL=1 HAVE_SETRLIMIT=1 HAVE_SIGNAL_H=1 HAVE_STDINT_H=1 HAVE_STDLIB_H=1 HAVE_STRERROR=1 HAVE_STRINGS_H=1 HAVE_STRING_H=1 HAVE_STRUCT_TZHEAD=1 HAVE_SYSCONF=1 HAVE_SYSCTL=1 HAVE_SYS_EVENT_H=1 HAVE_SYS_POLL_H=1 HAVE_SYS_SELECT_H=1 HAVE_SYS_SIGNAL_H=1 HAVE_SYS_SOCKET_H=1 HAVE_SYS_STAT_H=1 HAVE_SYS_SYSCTL_H=1 HAVE_SYS_TYPES_H=1 HAVE_TZFILE_H=1 HAVE_UNISTD_H=1 HAVE__SPIN_LOCK=1 HAVE__SPIN_LOCK_TRY=1 HAVE__SPIN_UNLOCK=1 \"PACKAGE=\\\"libpeak\\\"\" \"PACKAGE_BUGREPORT=\\\"mbuna@bugged.org\\\"\" \"PACKAGE_NAME=\\\"PEAK Library\\\"\" \"PACKAGE_TARNAME=\\\"libpeak\\\"\" \"PACKAGE_VERSION=\\\"0.1.0\\\"\" PEAK_DEFAULT_FLAVOR_MAXFDS=256 PEAK_ENGINE_KQUEUE=1 PEAK_FD_SETSIZE_REDEFINABLE=1 SELECT_TYPE_ARG1=int STDC_HEADERS=1 TIME_WITH_SYS_TIME=1 \"VERSION=\\\"0.1.0\\\"\"";
				GCC_WARN_ABOUT_MISSING_PROTOTYPES = NO;
				GCC_WARN_CHECK_SWITCH_STATEMENTS = YES;
				GCC_WARN_INITIALIZER_NOT_FULLY_BRACKETED = YES;
				GCC_WARN_MISSING_PARENTHESES = YES;
				GCC_WARN_PEDANTIC = YES;
				GCC_WARN_SHADOW = YES;
				GCC_WARN_SIGN_COMPARE = YES;
				GCC_WARN_TYPECHECK_CALLS_TO_PRINTF = YES;
				GCC_WARN_UNINITIALIZED_AUTOS = NO;
				GCC_WARN_UNUSED_FUNCTION = YES;
				GCC_WARN_UNUSED_LABEL = YES;
				GCC_WARN_UNUSED_PARAMETER = NO;
				GCC_WARN_UNUSED_VALUE = YES;
				GCC_WARN_UNUSED_VARIABLE = YES;
				HEADER_SEARCH_PATHS = "";
				INSTALL_PATH = /usr/local/lib;
				LIBRARY_STYLE = DYNAMIC;
				OTHER_CFLAGS = "-Ipeak -Ipeak/arch/powerpc -I- -I.";
				PRODUCT_NAME = libpeak;
			};
			dependencies = (
			);
			isa = PBXNativeTarget;
			name = libpeak;
			productName = libpeak;
			productReference = D2AAC0630554660B00DB518D;
			productType = "com.apple.product-type.library.dynamic";
		};
		D2AAC0630554660B00DB518D = {
			explicitFileType = "compiled.mach-o.dylib";
			includeInIndex = 0;
			isa = PBXFileReference;
			path = libpeak.dylib;
			refType = 3;
			sourceTree = BUILT_PRODUCTS_DIR;
		};
	};
	rootObject = 08FB7793FE84155DC02AAC07;
}
